
Microsoft Visual Studio Solution File, Format Version 12.00
# Visual Studio Version 17
VisualStudioVersion = 17.6.33717.318
MinimumVisualStudioVersion = 10.0.40219.1
Project("{FAE04EC0-301F-11D3-BF4B-00C04F79EFBC}") = "T2_E1 V2.0", "T2_E1 V2.0.csproj", "{42A67D4E-A66E-44C1-9B8F-305C931233EB}"
EndProject
Global
	GlobalSection(SolutionConfigurationPlatforms) = preSolution
		Debug|Any CPU = Debug|Any CPU
		Release|Any CPU = Release|Any CPU
	EndGlobalSection
	GlobalSection(ProjectConfigurationPlatforms) = postSolution
		{42A67D4E-A66E-44C1-9B8F-305C931233EB}.Debug|Any CPU.ActiveCfg = Debug|Any CPU
		{42A67D4E-A66E-44C1-9B8F-305C931233EB}.Debug|Any CPU.Build.0 = Debug|Any CPU
		{42A67D4E-A66E-44C1-9B8F-305C931233EB}.Release|Any CPU.ActiveCfg = Release|Any CPU
		{42A67D4E-A66E-44C1-9B8F-305C931233EB}.Release|Any CPU.Build.0 = Release|Any CPU
	EndGlobalSection
	GlobalSection(SolutionProperties) = preSolution
		HideSolutionNode = FALSE
	EndGlobalSection
	GlobalSection(ExtensibilityGlobals) = postSolution
		SolutionGuid = {0C832B21-5E1F-496F-A8C1-8D4A34CC0A38}
	EndGlobalSection
EndGlobal
